
Microsoft Visual Studio Solution File, Format Version 12.00
# Visual Studio Version 16
VisualStudioVersion = 16.0.33423.256
MinimumVisualStudioVersion = 10.0.40219.1
Project("{FAE04EC0-301F-11D3-BF4B-00C04F79EFBC}") = "Robot Operatioin", "Robot Operatioin\Robot Operatioin.csproj", "{E4C2D467-9703-4F1E-89C8-03CE2F228D13}"
EndProject
Global
	GlobalSection(SolutionConfigurationPlatforms) = preSolution
		Debug|Any CPU = Debug|Any CPU
		Release|Any CPU = Release|Any CPU
	EndGlobalSection
	GlobalSection(ProjectConfigurationPlatforms) = postSolution
		{E4C2D467-9703-4F1E-89C8-03CE2F228D13}.Debug|Any CPU.ActiveCfg = Debug|Any CPU
		{E4C2D467-9703-4F1E-89C8-03CE2F228D13}.Debug|Any CPU.Build.0 = Debug|Any CPU
		{E4C2D467-9703-4F1E-89C8-03CE2F228D13}.Release|Any CPU.ActiveCfg = Release|Any CPU
		{E4C2D467-9703-4F1E-89C8-03CE2F228D13}.Release|Any CPU.Build.0 = Release|Any CPU
	EndGlobalSection
	GlobalSection(SolutionProperties) = preSolution
		HideSolutionNode = FALSE
	EndGlobalSection
	GlobalSection(ExtensibilityGlobals) = postSolution
		SolutionGuid = {BFB03FDF-7239-4924-A93D-01AD0C2F744D}
	EndGlobalSection
EndGlobal
